
Microsoft Visual Studio Solution File, Format Version 12.00
# Visual Studio 15
VisualStudioVersion = 15.0.27703.2000
MinimumVisualStudioVersion = 10.0.40219.1
Project("{FAE04EC0-301F-11D3-BF4B-00C04F79EFBC}") = "CloudWatchTest", "CloudWatchTest\CloudWatchTest.csproj", "{4BFB66BB-8E6A-4B06-838F-56F78F526C52}"
EndProject
Project("{FAE04EC0-301F-11D3-BF4B-00C04F79EFBC}") = "Metrics", "Metrics\Metrics.csproj", "{D912C089-6C4E-4625-87A6-2BF0A1BA001E}"
EndProject
Global
	GlobalSection(SolutionConfigurationPlatforms) = preSolution
		Debug|Any CPU = Debug|Any CPU
		Release|Any CPU = Release|Any CPU
	EndGlobalSection
	GlobalSection(ProjectConfigurationPlatforms) = postSolution
		{4BFB66BB-8E6A-4B06-838F-56F78F526C52}.Debug|Any CPU.ActiveCfg = Debug|Any CPU
		{4BFB66BB-8E6A-4B06-838F-56F78F526C52}.Debug|Any CPU.Build.0 = Debug|Any CPU
		{4BFB66BB-8E6A-4B06-838F-56F78F526C52}.Release|Any CPU.ActiveCfg = Release|Any CPU
		{4BFB66BB-8E6A-4B06-838F-56F78F526C52}.Release|Any CPU.Build.0 = Release|Any CPU
		{D912C089-6C4E-4625-87A6-2BF0A1BA001E}.Debug|Any CPU.ActiveCfg = Debug|Any CPU
		{D912C089-6C4E-4625-87A6-2BF0A1BA001E}.Debug|Any CPU.Build.0 = Debug|Any CPU
		{D912C089-6C4E-4625-87A6-2BF0A1BA001E}.Release|Any CPU.ActiveCfg = Release|Any CPU
		{D912C089-6C4E-4625-87A6-2BF0A1BA001E}.Release|Any CPU.Build.0 = Release|Any CPU
	EndGlobalSection
	GlobalSection(SolutionProperties) = preSolution
		HideSolutionNode = FALSE
	EndGlobalSection
	GlobalSection(ExtensibilityGlobals) = postSolution
		SolutionGuid = {8153CB98-7C7C-4AF6-A0CA-5DE17D83D21B}
	EndGlobalSection
EndGlobal
